
Microsoft Visual Studio Solution File, Format Version 12.00
# Visual Studio Version 16
VisualStudioVersion = 16.0.30523.141
MinimumVisualStudioVersion = 10.0.40219.1
Project("{FAE04EC0-301F-11D3-BF4B-00C04F79EFBC}") = "ClassLibrary1", "ClassLibrary1\ClassLibrary1.csproj", "{8EFB21C8-71A7-4EE9-95DA-00C94A35DC82}"
EndProject
Global
	GlobalSection(SolutionConfigurationPlatforms) = preSolution
		Debug|Any CPU = Debug|Any CPU
		Release|Any CPU = Release|Any CPU
	EndGlobalSection
	GlobalSection(ProjectConfigurationPlatforms) = postSolution
		{8EFB21C8-71A7-4EE9-95DA-00C94A35DC82}.Debug|Any CPU.ActiveCfg = Debug|Any CPU
		{8EFB21C8-71A7-4EE9-95DA-00C94A35DC82}.Debug|Any CPU.Build.0 = Debug|Any CPU
		{8EFB21C8-71A7-4EE9-95DA-00C94A35DC82}.Release|Any CPU.ActiveCfg = Release|Any CPU
		{8EFB21C8-71A7-4EE9-95DA-00C94A35DC82}.Release|Any CPU.Build.0 = Release|Any CPU
	EndGlobalSection
	GlobalSection(SolutionProperties) = preSolution
		HideSolutionNode = FALSE
	EndGlobalSection
	GlobalSection(ExtensibilityGlobals) = postSolution
		SolutionGuid = {72CB19D2-80CA-4D68-AD69-1AD8B6702D53}
	EndGlobalSection
EndGlobal
